
Microsoft Visual Studio Solution File, Format Version 12.00
# Visual Studio Version 17
VisualStudioVersion = 17.14.36518.9
MinimumVisualStudioVersion = 10.0.40219.1
Project("{FAE04EC0-301F-11D3-BF4B-00C04F79EFBC}") = "DataGridViewProject", "DataGridViewProject\DataGridViewProject.csproj", "{011C171E-F1F1-47A6-967C-C26C7EBBDA00}"
EndProject
Project("{FAE04EC0-301F-11D3-BF4B-00C04F79EFBC}") = "Entities", "Entities\Entities.csproj", "{2CAE2DDF-29FC-4580-9914-E844267D8930}"
EndProject
Project("{FAE04EC0-301F-11D3-BF4B-00C04F79EFBC}") = "Services", "Services\Services.csproj", "{D9927F19-B052-41AA-B39D-0B11FC2247E1}"
EndProject
Global
	GlobalSection(SolutionConfigurationPlatforms) = preSolution
		Debug|Any CPU = Debug|Any CPU
		Release|Any CPU = Release|Any CPU
	EndGlobalSection
	GlobalSection(ProjectConfigurationPlatforms) = postSolution
		{011C171E-F1F1-47A6-967C-C26C7EBBDA00}.Debug|Any CPU.ActiveCfg = Debug|Any CPU
		{011C171E-F1F1-47A6-967C-C26C7EBBDA00}.Debug|Any CPU.Build.0 = Debug|Any CPU
		{011C171E-F1F1-47A6-967C-C26C7EBBDA00}.Release|Any CPU.ActiveCfg = Release|Any CPU
		{011C171E-F1F1-47A6-967C-C26C7EBBDA00}.Release|Any CPU.Build.0 = Release|Any CPU
		{2CAE2DDF-29FC-4580-9914-E844267D8930}.Debug|Any CPU.ActiveCfg = Debug|Any CPU
		{2CAE2DDF-29FC-4580-9914-E844267D8930}.Debug|Any CPU.Build.0 = Debug|Any CPU
		{2CAE2DDF-29FC-4580-9914-E844267D8930}.Release|Any CPU.ActiveCfg = Release|Any CPU
		{2CAE2DDF-29FC-4580-9914-E844267D8930}.Release|Any CPU.Build.0 = Release|Any CPU
		{D9927F19-B052-41AA-B39D-0B11FC2247E1}.Debug|Any CPU.ActiveCfg = Debug|Any CPU
		{D9927F19-B052-41AA-B39D-0B11FC2247E1}.Debug|Any CPU.Build.0 = Debug|Any CPU
		{D9927F19-B052-41AA-B39D-0B11FC2247E1}.Release|Any CPU.ActiveCfg = Release|Any CPU
		{D9927F19-B052-41AA-B39D-0B11FC2247E1}.Release|Any CPU.Build.0 = Release|Any CPU
	EndGlobalSection
	GlobalSection(SolutionProperties) = preSolution
		HideSolutionNode = FALSE
	EndGlobalSection
	GlobalSection(ExtensibilityGlobals) = postSolution
		SolutionGuid = {179D6645-DC0F-451D-8CBF-5341065B9069}
	EndGlobalSection
EndGlobal
